
Microsoft Visual Studio Solution File, Format Version 12.00
# Visual Studio Version 17
VisualStudioVersion = 17.13.35825.156 d17.13
MinimumVisualStudioVersion = 10.0.40219.1
Project("{FAE04EC0-301F-11D3-BF4B-00C04F79EFBC}") = "ExamenU2", "ExamenU2.csproj", "{F62252D4-51FF-4BCD-A5BE-50B0131B1DB4}"
EndProject
Global
	GlobalSection(SolutionConfigurationPlatforms) = preSolution
		Debug|Any CPU = Debug|Any CPU
		Release|Any CPU = Release|Any CPU
	EndGlobalSection
	GlobalSection(ProjectConfigurationPlatforms) = postSolution
		{F62252D4-51FF-4BCD-A5BE-50B0131B1DB4}.Debug|Any CPU.ActiveCfg = Debug|Any CPU
		{F62252D4-51FF-4BCD-A5BE-50B0131B1DB4}.Debug|Any CPU.Build.0 = Debug|Any CPU
		{F62252D4-51FF-4BCD-A5BE-50B0131B1DB4}.Release|Any CPU.ActiveCfg = Release|Any CPU
		{F62252D4-51FF-4BCD-A5BE-50B0131B1DB4}.Release|Any CPU.Build.0 = Release|Any CPU
	EndGlobalSection
	GlobalSection(SolutionProperties) = preSolution
		HideSolutionNode = FALSE
	EndGlobalSection
	GlobalSection(ExtensibilityGlobals) = postSolution
		SolutionGuid = {16440D98-EAC3-4377-8C56-353FE62746EA}
	EndGlobalSection
EndGlobal
